
Microsoft Visual Studio Solution File, Format Version 12.00
# Visual Studio Version 17
VisualStudioVersion = 17.3.32819.101
MinimumVisualStudioVersion = 10.0.40219.1
Project("{FAE04EC0-301F-11D3-BF4B-00C04F79EFBC}") = "Uninove.TiposPrimitivos", "Uninove.TiposPrimitivos\Uninove.TiposPrimitivos.csproj", "{8EC00E37-BDBF-4F8A-B205-1C65286B6C93}"
EndProject
Global
	GlobalSection(SolutionConfigurationPlatforms) = preSolution
		Debug|Any CPU = Debug|Any CPU
		Release|Any CPU = Release|Any CPU
	EndGlobalSection
	GlobalSection(ProjectConfigurationPlatforms) = postSolution
		{8EC00E37-BDBF-4F8A-B205-1C65286B6C93}.Debug|Any CPU.ActiveCfg = Debug|Any CPU
		{8EC00E37-BDBF-4F8A-B205-1C65286B6C93}.Debug|Any CPU.Build.0 = Debug|Any CPU
		{8EC00E37-BDBF-4F8A-B205-1C65286B6C93}.Release|Any CPU.ActiveCfg = Release|Any CPU
		{8EC00E37-BDBF-4F8A-B205-1C65286B6C93}.Release|Any CPU.Build.0 = Release|Any CPU
	EndGlobalSection
	GlobalSection(SolutionProperties) = preSolution
		HideSolutionNode = FALSE
	EndGlobalSection
	GlobalSection(ExtensibilityGlobals) = postSolution
		SolutionGuid = {B14E68E0-A903-40EC-96C9-5D55E031D2BD}
	EndGlobalSection
EndGlobal
